
Microsoft Visual Studio Solution File, Format Version 12.00
# Visual Studio Version 16
VisualStudioVersion = 16.0.31702.278
MinimumVisualStudioVersion = 10.0.40219.1
Project("{2150E333-8FDC-42A3-9474-1A3956D46DE8}") = "ShopManagement", "ShopManagement", "{8C197F36-4346-47DD-A111-26DE15583D5C}"
EndProject
Project("{2150E333-8FDC-42A3-9474-1A3956D46DE8}") = "SM.Domain", "SM.Domain", "{C84A587C-A109-4559-B676-A9BB8DCC2EE2}"
EndProject
Project("{9A19103F-16F7-4668-BE54-9A1E7A4F7556}") = "0_Framework", "0_Framework\0_Framework.csproj", "{6A117A1E-70F3-4A5D-9653-876CB77DD16C}"
EndProject
Project("{9A19103F-16F7-4668-BE54-9A1E7A4F7556}") = "ShopManagement.Domain", "ShopManagment.Domain\ShopManagement.Domain.csproj", "{1AA86B94-46C2-4BAF-823B-4C21C5127920}"
EndProject
Project("{2150E333-8FDC-42A3-9474-1A3956D46DE8}") = "SM.Application", "SM.Application", "{0403A3CE-F911-49D0-829D-43390724A89D}"
EndProject
Project("{9A19103F-16F7-4668-BE54-9A1E7A4F7556}") = "ShopManagement.Application.Contracts", "ShopManagement.Application.Contracts\ShopManagement.Application.Contracts.csproj", "{14310D62-3295-4204-9BF4-D6B8C01FFFC8}"
EndProject
Project("{9A19103F-16F7-4668-BE54-9A1E7A4F7556}") = "ShopManagement.Application", "ShopManagement.Application\ShopManagement.Application.csproj", "{E183F181-3461-411A-900E-42960F332BEA}"
EndProject
Project("{2150E333-8FDC-42A3-9474-1A3956D46DE8}") = "SM.Infrastructure", "SM.Infrastructure", "{52F82CB6-EA9F-410B-88BF-F0D101AB8DBD}"
EndProject
Project("{9A19103F-16F7-4668-BE54-9A1E7A4F7556}") = "ShopManagement.Infrastructure.EFCore", "ShopManagement.Infrastructure.EFCore\ShopManagement.Infrastructure.EFCore.csproj", "{F0C4888B-CC02-47B8-8E0E-396278F5A4D2}"
EndProject
Project("{9A19103F-16F7-4668-BE54-9A1E7A4F7556}") = "ShopManagementConfiguration", "ShopManagementConfiguration\ShopManagementConfiguration.csproj", "{A47B45CB-A50F-4AAD-9692-F0EDB47BB9DB}"
EndProject
Project("{9A19103F-16F7-4668-BE54-9A1E7A4F7556}") = "ServiceHost", "ServiceHost\ServiceHost.csproj", "{789041FB-3BEA-4026-AFF6-304723D5EE9F}"
EndProject
Project("{9A19103F-16F7-4668-BE54-9A1E7A4F7556}") = "01_LampShadeQuery", "01_LampShadeQuery\01_LampShadeQuery.csproj", "{9EE86369-608D-4EEA-93CF-77B4E4D1A815}"
EndProject
Project("{2150E333-8FDC-42A3-9474-1A3956D46DE8}") = "DiscountManagement", "DiscountManagement", "{C2783196-1B67-4BFE-909F-C88878383F30}"
EndProject
Project("{2150E333-8FDC-42A3-9474-1A3956D46DE8}") = "DM.Domain", "DM.Domain", "{82447A83-49F5-4FA3-AA05-BB8F8A44554C}"
EndProject
Project("{9A19103F-16F7-4668-BE54-9A1E7A4F7556}") = "DiscountManagement.Domain", "DiscountManagement.Domain\DiscountManagement.Domain.csproj", "{8AEB538A-D598-44C3-980D-0E2594EAB0D5}"
EndProject
Project("{2150E333-8FDC-42A3-9474-1A3956D46DE8}") = "DM.Application", "DM.Application", "{B935917D-5370-41C5-B415-F5D4EB7CF9DE}"
EndProject
Project("{FAE04EC0-301F-11D3-BF4B-00C04F79EFBC}") = "DiscountManagement.Application.Contracts", "DiscountManagement.Application.Contracts\DiscountManagement.Application.Contracts.csproj", "{221AC5FB-3FA2-4C35-9589-E669C8F28C4D}"
EndProject
Project("{FAE04EC0-301F-11D3-BF4B-00C04F79EFBC}") = "DiscountManagement.Application", "DiscountManagement.Application\DiscountManagement.Application.csproj", "{0C8F1C05-C1C3-4DF4-9CEE-0FABE5EF6F4C}"
EndProject
Project("{2150E333-8FDC-42A3-9474-1A3956D46DE8}") = "DM.Infrastructure", "DM.Infrastructure", "{414501CB-57AE-41BC-A10D-D68814E91297}"
EndProject
Project("{FAE04EC0-301F-11D3-BF4B-00C04F79EFBC}") = "DiscountManagement.Infrastructure.EFCore", "DiscountManagement.Infrastructure.EFCore\DiscountManagement.Infrastructure.EFCore.csproj", "{C76B95EB-C635-4D72-B8B4-865953D939D5}"
EndProject
Project("{FAE04EC0-301F-11D3-BF4B-00C04F79EFBC}") = "DiscountManagement.Configuration", "DiscountManagement.Configuration\DiscountManagement.Configuration.csproj", "{DEC549AA-EB41-4786-B16F-DD254B7DD3D0}"
EndProject
Global
	GlobalSection(SolutionConfigurationPlatforms) = preSolution
		Debug|Any CPU = Debug|Any CPU
		Release|Any CPU = Release|Any CPU
	EndGlobalSection
	GlobalSection(ProjectConfigurationPlatforms) = postSolution
		{6A117A1E-70F3-4A5D-9653-876CB77DD16C}.Debug|Any CPU.ActiveCfg = Debug|Any CPU
		{6A117A1E-70F3-4A5D-9653-876CB77DD16C}.Debug|Any CPU.Build.0 = Debug|Any CPU
		{6A117A1E-70F3-4A5D-9653-876CB77DD16C}.Release|Any CPU.ActiveCfg = Release|Any CPU
		{6A117A1E-70F3-4A5D-9653-876CB77DD16C}.Release|Any CPU.Build.0 = Release|Any CPU
		{1AA86B94-46C2-4BAF-823B-4C21C5127920}.Debug|Any CPU.ActiveCfg = Debug|Any CPU
		{1AA86B94-46C2-4BAF-823B-4C21C5127920}.Debug|Any CPU.Build.0 = Debug|Any CPU
		{1AA86B94-46C2-4BAF-823B-4C21C5127920}.Release|Any CPU.ActiveCfg = Release|Any CPU
		{1AA86B94-46C2-4BAF-823B-4C21C5127920}.Release|Any CPU.Build.0 = Release|Any CPU
		{14310D62-3295-4204-9BF4-D6B8C01FFFC8}.Debug|Any CPU.ActiveCfg = Debug|Any CPU
		{14310D62-3295-4204-9BF4-D6B8C01FFFC8}.Debug|Any CPU.Build.0 = Debug|Any CPU
		{14310D62-3295-4204-9BF4-D6B8C01FFFC8}.Release|Any CPU.ActiveCfg = Release|Any CPU
		{14310D62-3295-4204-9BF4-D6B8C01FFFC8}.Release|Any CPU.Build.0 = Release|Any CPU
		{E183F181-3461-411A-900E-42960F332BEA}.Debug|Any CPU.ActiveCfg = Debug|Any CPU
		{E183F181-3461-411A-900E-42960F332BEA}.Debug|Any CPU.Build.0 = Debug|Any CPU
		{E183F181-3461-411A-900E-42960F332BEA}.Release|Any CPU.ActiveCfg = Release|Any CPU
		{E183F181-3461-411A-900E-42960F332BEA}.Release|Any CPU.Build.0 = Release|Any CPU
		{F0C4888B-CC02-47B8-8E0E-396278F5A4D2}.Debug|Any CPU.ActiveCfg = Debug|Any CPU
		{F0C4888B-CC02-47B8-8E0E-396278F5A4D2}.Debug|Any CPU.Build.0 = Debug|Any CPU
		{F0C4888B-CC02-47B8-8E0E-396278F5A4D2}.Release|Any CPU.ActiveCfg = Release|Any CPU
		{F0C4888B-CC02-47B8-8E0E-396278F5A4D2}.Release|Any CPU.Build.0 = Release|Any CPU
		{A47B45CB-A50F-4AAD-9692-F0EDB47BB9DB}.Debug|Any CPU.ActiveCfg = Debug|Any CPU
		{A47B45CB-A50F-4AAD-9692-F0EDB47BB9DB}.Debug|Any CPU.Build.0 = Debug|Any CPU
		{A47B45CB-A50F-4AAD-9692-F0EDB47BB9DB}.Release|Any CPU.ActiveCfg = Release|Any CPU
		{A47B45CB-A50F-4AAD-9692-F0EDB47BB9DB}.Release|Any CPU.Build.0 = Release|Any CPU
		{789041FB-3BEA-4026-AFF6-304723D5EE9F}.Debug|Any CPU.ActiveCfg = Debug|Any CPU
		{789041FB-3BEA-4026-AFF6-304723D5EE9F}.Debug|Any CPU.Build.0 = Debug|Any CPU
		{789041FB-3BEA-4026-AFF6-304723D5EE9F}.Release|Any CPU.ActiveCfg = Release|Any CPU
		{789041FB-3BEA-4026-AFF6-304723D5EE9F}.Release|Any CPU.Build.0 = Release|Any CPU
		{9EE86369-608D-4EEA-93CF-77B4E4D1A815}.Debug|Any CPU.ActiveCfg = Debug|Any CPU
		{9EE86369-608D-4EEA-93CF-77B4E4D1A815}.Debug|Any CPU.Build.0 = Debug|Any CPU
		{9EE86369-608D-4EEA-93CF-77B4E4D1A815}.Release|Any CPU.ActiveCfg = Release|Any CPU
		{9EE86369-608D-4EEA-93CF-77B4E4D1A815}.Release|Any CPU.Build.0 = Release|Any CPU
		{8AEB538A-D598-44C3-980D-0E2594EAB0D5}.Debug|Any CPU.ActiveCfg = Debug|Any CPU
		{8AEB538A-D598-44C3-980D-0E2594EAB0D5}.Debug|Any CPU.Build.0 = Debug|Any CPU
		{8AEB538A-D598-44C3-980D-0E2594EAB0D5}.Release|Any CPU.ActiveCfg = Release|Any CPU
		{8AEB538A-D598-44C3-980D-0E2594EAB0D5}.Release|Any CPU.Build.0 = Release|Any CPU
		{221AC5FB-3FA2-4C35-9589-E669C8F28C4D}.Debug|Any CPU.ActiveCfg = Debug|Any CPU
		{221AC5FB-3FA2-4C35-9589-E669C8F28C4D}.Debug|Any CPU.Build.0 = Debug|Any CPU
		{221AC5FB-3FA2-4C35-9589-E669C8F28C4D}.Release|Any CPU.ActiveCfg = Release|Any CPU
		{221AC5FB-3FA2-4C35-9589-E669C8F28C4D}.Release|Any CPU.Build.0 = Release|Any CPU
		{0C8F1C05-C1C3-4DF4-9CEE-0FABE5EF6F4C}.Debug|Any CPU.ActiveCfg = Debug|Any CPU
		{0C8F1C05-C1C3-4DF4-9CEE-0FABE5EF6F4C}.Debug|Any CPU.Build.0 = Debug|Any CPU
		{0C8F1C05-C1C3-4DF4-9CEE-0FABE5EF6F4C}.Release|Any CPU.ActiveCfg = Release|Any CPU
		{0C8F1C05-C1C3-4DF4-9CEE-0FABE5EF6F4C}.Release|Any CPU.Build.0 = Release|Any CPU
		{C76B95EB-C635-4D72-B8B4-865953D939D5}.Debug|Any CPU.ActiveCfg = Debug|Any CPU
		{C76B95EB-C635-4D72-B8B4-865953D939D5}.Debug|Any CPU.Build.0 = Debug|Any CPU
		{C76B95EB-C635-4D72-B8B4-865953D939D5}.Release|Any CPU.ActiveCfg = Release|Any CPU
		{C76B95EB-C635-4D72-B8B4-865953D939D5}.Release|Any CPU.Build.0 = Release|Any CPU
		{DEC549AA-EB41-4786-B16F-DD254B7DD3D0}.Debug|Any CPU.ActiveCfg = Debug|Any CPU
		{DEC549AA-EB41-4786-B16F-DD254B7DD3D0}.Debug|Any CPU.Build.0 = Debug|Any CPU
		{DEC549AA-EB41-4786-B16F-DD254B7DD3D0}.Release|Any CPU.ActiveCfg = Release|Any CPU
		{DEC549AA-EB41-4786-B16F-DD254B7DD3D0}.Release|Any CPU.Build.0 = Release|Any CPU
	EndGlobalSection
	GlobalSection(SolutionProperties) = preSolution
		HideSolutionNode = FALSE
	EndGlobalSection
	GlobalSection(NestedProjects) = preSolution
		{C84A587C-A109-4559-B676-A9BB8DCC2EE2} = {8C197F36-4346-47DD-A111-26DE15583D5C}
		{1AA86B94-46C2-4BAF-823B-4C21C5127920} = {C84A587C-A109-4559-B676-A9BB8DCC2EE2}
		{0403A3CE-F911-49D0-829D-43390724A89D} = {8C197F36-4346-47DD-A111-26DE15583D5C}
		{14310D62-3295-4204-9BF4-D6B8C01FFFC8} = {0403A3CE-F911-49D0-829D-43390724A89D}
		{E183F181-3461-411A-900E-42960F332BEA} = {0403A3CE-F911-49D0-829D-43390724A89D}
		{52F82CB6-EA9F-410B-88BF-F0D101AB8DBD} = {8C197F36-4346-47DD-A111-26DE15583D5C}
		{F0C4888B-CC02-47B8-8E0E-396278F5A4D2} = {52F82CB6-EA9F-410B-88BF-F0D101AB8DBD}
		{A47B45CB-A50F-4AAD-9692-F0EDB47BB9DB} = {52F82CB6-EA9F-410B-88BF-F0D101AB8DBD}
		{82447A83-49F5-4FA3-AA05-BB8F8A44554C} = {C2783196-1B67-4BFE-909F-C88878383F30}
		{8AEB538A-D598-44C3-980D-0E2594EAB0D5} = {82447A83-49F5-4FA3-AA05-BB8F8A44554C}
		{B935917D-5370-41C5-B415-F5D4EB7CF9DE} = {C2783196-1B67-4BFE-909F-C88878383F30}
		{221AC5FB-3FA2-4C35-9589-E669C8F28C4D} = {B935917D-5370-41C5-B415-F5D4EB7CF9DE}
		{0C8F1C05-C1C3-4DF4-9CEE-0FABE5EF6F4C} = {B935917D-5370-41C5-B415-F5D4EB7CF9DE}
		{414501CB-57AE-41BC-A10D-D68814E91297} = {C2783196-1B67-4BFE-909F-C88878383F30}
		{C76B95EB-C635-4D72-B8B4-865953D939D5} = {414501CB-57AE-41BC-A10D-D68814E91297}
		{DEC549AA-EB41-4786-B16F-DD254B7DD3D0} = {414501CB-57AE-41BC-A10D-D68814E91297}
	EndGlobalSection
	GlobalSection(ExtensibilityGlobals) = postSolution
		SolutionGuid = {382BA847-3612-462B-BF1D-279F5C1D452B}
	EndGlobalSection
EndGlobal
